
Microsoft Visual Studio Solution File, Format Version 11.00
# Visual Studio 2010
Project("{FAE04EC0-301F-11D3-BF4B-00C04F79EFBC}") = "ToBeSeen", "ToBeSeen\ToBeSeen.csproj", "{4FA6FA09-A0F8-41E0-8934-0B887A6A7B70}"
EndProject
Project("{FAE04EC0-301F-11D3-BF4B-00C04F79EFBC}") = "ToBeSeen.Tests", "ToBeSeen.Tests\ToBeSeen.Tests.csproj", "{E787E155-2293-495D-8A46-9EF9127303FE}"
EndProject
Global
	GlobalSection(SolutionConfigurationPlatforms) = preSolution
		Debug|Any CPU = Debug|Any CPU
		Release|Any CPU = Release|Any CPU
	EndGlobalSection
	GlobalSection(ProjectConfigurationPlatforms) = postSolution
		{4FA6FA09-A0F8-41E0-8934-0B887A6A7B70}.Debug|Any CPU.ActiveCfg = Debug|Any CPU
		{4FA6FA09-A0F8-41E0-8934-0B887A6A7B70}.Debug|Any CPU.Build.0 = Debug|Any CPU
		{4FA6FA09-A0F8-41E0-8934-0B887A6A7B70}.Release|Any CPU.ActiveCfg = Release|Any CPU
		{4FA6FA09-A0F8-41E0-8934-0B887A6A7B70}.Release|Any CPU.Build.0 = Release|Any CPU
		{E787E155-2293-495D-8A46-9EF9127303FE}.Debug|Any CPU.ActiveCfg = Debug|Any CPU
		{E787E155-2293-495D-8A46-9EF9127303FE}.Debug|Any CPU.Build.0 = Debug|Any CPU
		{E787E155-2293-495D-8A46-9EF9127303FE}.Release|Any CPU.ActiveCfg = Release|Any CPU
		{E787E155-2293-495D-8A46-9EF9127303FE}.Release|Any CPU.Build.0 = Release|Any CPU
	EndGlobalSection
	GlobalSection(SolutionProperties) = preSolution
		HideSolutionNode = FALSE
	EndGlobalSection
EndGlobal
